// !$*UTF8*$!
{
	archiveVersion = 1;
	classes = {
	};
	objectVersion = 63;
	objects = {

/* Begin PBXBuildFile section */
		3B3EEC9D2BE7EE6B00453852 /* CaptureManager.swift in Sources */ = {isa = PBXBuildFile; fileRef = 3B3EEC9C2BE7EE6B00453852 /* CaptureManager.swift */; };
		3B46D2D12AA8E82C00272E45 /* AppDelegate.swift in Sources */ = {isa = PBXBuildFile; fileRef = 3B46D2D02AA8E82C00272E45 /* AppDelegate.swift */; };
		3B46D2D32AA8E82C00272E45 /* SceneDelegate.swift in Sources */ = {isa = PBXBuildFile; fileRef = 3B46D2D22AA8E82C00272E45 /* SceneDelegate.swift */; };
		3B46D2D52AA8E82C00272E45 /* ViewController.swift in Sources */ = {isa = PBXBuildFile; fileRef = 3B46D2D42AA8E82C00272E45 /* ViewController.swift */; };
		3B46D2D82AA8E82C00272E45 /* Main.storyboard in Resources */ = {isa = PBXBuildFile; fileRef = 3B46D2D62AA8E82C00272E45 /* Main.storyboard */; };
		3B46D2DA2AA8E82D00272E45 /* Assets.xcassets in Resources */ = {isa = PBXBuildFile; fileRef = 3B46D2D92AA8E82D00272E45 /* Assets.xcassets */; };
		3B46D2DD2AA8E82D00272E45 /* LaunchScreen.storyboard in Resources */ = {isa = PBXBuildFile; fileRef = 3B46D2DB2AA8E82D00272E45 /* LaunchScreen.storyboard */; };
		3B829FE22C64FF3300FED8FB /* LaunchIconV138.png in Resources */ = {isa = PBXBuildFile; fileRef = 3B829FE12C64FF3300FED8FB /* LaunchIconV138.png */; };
		3BC6332E2BE7D60E001E2FCC /* AudioManager.swift in Sources */ = {isa = PBXBuildFile; fileRef = 3BC6332D2BE7D60E001E2FCC /* AudioManager.swift */; };
/* End PBXBuildFile section */

/* Begin PBXFileReference section */
		3B3EEC9C2BE7EE6B00453852 /* CaptureManager.swift */ = {isa = PBXFileReference; lastKnownFileType = sourcecode.swift; path = CaptureManager.swift; sourceTree = "<group>"; };
		3B3EECA02BE814A800453852 /* Dongled.entitlements */ = {isa = PBXFileReference; lastKnownFileType = text.plist.entitlements; path = Dongled.entitlements; sourceTree = "<group>"; };
		3B46D2CD2AA8E82C00272E45 /* Dongled.app */ = {isa = PBXFileReference; explicitFileType = wrapper.application; includeInIndex = 0; path = Dongled.app; sourceTree = BUILT_PRODUCTS_DIR; };
		3B46D2D02AA8E82C00272E45 /* AppDelegate.swift */ = {isa = PBXFileReference; lastKnownFileType = sourcecode.swift; path = AppDelegate.swift; sourceTree = "<group>"; };
		3B46D2D22AA8E82C00272E45 /* SceneDelegate.swift */ = {isa = PBXFileReference; lastKnownFileType = sourcecode.swift; path = SceneDelegate.swift; sourceTree = "<group>"; };
		3B46D2D42AA8E82C00272E45 /* ViewController.swift */ = {isa = PBXFileReference; lastKnownFileType = sourcecode.swift; path = ViewController.swift; sourceTree = "<group>"; };
		3B46D2D72AA8E82C00272E45 /* Base */ = {isa = PBXFileReference; lastKnownFileType = file.storyboard; name = Base; path = Base.lproj/Main.storyboard; sourceTree = "<group>"; };
		3B46D2D92AA8E82D00272E45 /* Assets.xcassets */ = {isa = PBXFileReference; lastKnownFileType = folder.assetcatalog; path = Assets.xcassets; sourceTree = "<group>"; };
		3B46D2DC2AA8E82D00272E45 /* Base */ = {isa = PBXFileReference; lastKnownFileType = file.storyboard; name = Base; path = Base.lproj/LaunchScreen.storyboard; sourceTree = "<group>"; };
		3B46D2DE2AA8E82D00272E45 /* Info.plist */ = {isa = PBXFileReference; lastKnownFileType = text.plist.xml; path = Info.plist; sourceTree = "<group>"; };
		3B829FE12C64FF3300FED8FB /* LaunchIconV138.png */ = {isa = PBXFileReference; lastKnownFileType = image.png; path = LaunchIconV138.png; sourceTree = "<group>"; };
		3BC6332D2BE7D60E001E2FCC /* AudioManager.swift */ = {isa = PBXFileReference; lastKnownFileType = sourcecode.swift; path = AudioManager.swift; sourceTree = "<group>"; };
/* End PBXFileReference section */

/* Begin PBXFrameworksBuildPhase section */
		3B46D2CA2AA8E82C00272E45 /* Frameworks */ = {
			isa = PBXFrameworksBuildPhase;
			buildActionMask = 2147483647;
			files = (
			);
			runOnlyForDeploymentPostprocessing = 0;
		};
/* End PBXFrameworksBuildPhase section */

/* Begin PBXGroup section */
		3B46D2C42AA8E82C00272E45 = {
			isa = PBXGroup;
			children = (
				3B46D2CF2AA8E82C00272E45 /* Dongled */,
				3B46D2CE2AA8E82C00272E45 /* Products */,
			);
			sourceTree = "<group>";
		};
		3B46D2CE2AA8E82C00272E45 /* Products */ = {
			isa = PBXGroup;
			children = (
				3B46D2CD2AA8E82C00272E45 /* Dongled.app */,
			);
			name = Products;
			sourceTree = "<group>";
		};
		3B46D2CF2AA8E82C00272E45 /* Dongled */ = {
			isa = PBXGroup;
			children = (
				3B3EECA02BE814A800453852 /* Dongled.entitlements */,
				3B46D2D02AA8E82C00272E45 /* AppDelegate.swift */,
				3B46D2D22AA8E82C00272E45 /* SceneDelegate.swift */,
				3B46D2D42AA8E82C00272E45 /* ViewController.swift */,
				3B3EEC9C2BE7EE6B00453852 /* CaptureManager.swift */,
				3BC6332D2BE7D60E001E2FCC /* AudioManager.swift */,
				3B46D2D62AA8E82C00272E45 /* Main.storyboard */,
				3B46D2D92AA8E82D00272E45 /* Assets.xcassets */,
				3B46D2DB2AA8E82D00272E45 /* LaunchScreen.storyboard */,
				3B46D2DE2AA8E82D00272E45 /* Info.plist */,
				3B829FE12C64FF3300FED8FB /* LaunchIconV138.png */,
			);
			path = Dongled;
			sourceTree = "<group>";
		};
/* End PBXGroup section */

/* Begin PBXNativeTarget section */
		3B46D2CC2AA8E82C00272E45 /* Dongled */ = {
			isa = PBXNativeTarget;
			buildConfigurationList = 3B46D2F72AA8E82D00272E45 /* Build configuration list for PBXNativeTarget "Dongled" */;
			buildPhases = (
				3B46D2C92AA8E82C00272E45 /* Sources */,
				3B46D2CA2AA8E82C00272E45 /* Frameworks */,
				3B46D2CB2AA8E82C00272E45 /* Resources */,
			);
			buildRules = (
			);
			dependencies = (
			);
			name = Dongled;
			productName = Dongle;
			productReference = 3B46D2CD2AA8E82C00272E45 /* Dongled.app */;
			productType = "com.apple.product-type.application";
		};
/* End PBXNativeTarget section */

/* Begin PBXProject section */
		3B46D2C52AA8E82C00272E45 /* Project object */ = {
			isa = PBXProject;
			attributes = {
				BuildIndependentTargetsInParallel = 1;
				LastSwiftUpdateCheck = 1630;
				LastUpgradeCheck = 1630;
				TargetAttributes = {
					3B46D2CC2AA8E82C00272E45 = {
						CreatedOnToolsVersion = 15.0;
					};
				};
			};
			buildConfigurationList = 3B46D2C82AA8E82C00272E45 /* Build configuration list for PBXProject "Dongled" */;
			compatibilityVersion = "Xcode 15.3";
			developmentRegion = en;
			hasScannedForEncodings = 0;
			knownRegions = (
				en,
				Base,
			);
			mainGroup = 3B46D2C42AA8E82C00272E45;
			productRefGroup = 3B46D2CE2AA8E82C00272E45 /* Products */;
			projectDirPath = "";
			projectRoot = "";
			targets = (
				3B46D2CC2AA8E82C00272E45 /* Dongled */,
			);
		};
/* End PBXProject section */

/* Begin PBXResourcesBuildPhase section */
		3B46D2CB2AA8E82C00272E45 /* Resources */ = {
			isa = PBXResourcesBuildPhase;
			buildActionMask = 2147483647;
			files = (
				3B46D2DD2AA8E82D00272E45 /* LaunchScreen.storyboard in Resources */,
				3B46D2DA2AA8E82D00272E45 /* Assets.xcassets in Resources */,
				3B829FE22C64FF3300FED8FB /* LaunchIconV138.png in Resources */,
				3B46D2D82AA8E82C00272E45 /* Main.storyboard in Resources */,
			);
			runOnlyForDeploymentPostprocessing = 0;
		};
/* End PBXResourcesBuildPhase section */

/* Begin PBXSourcesBuildPhase section */
		3B46D2C92AA8E82C00272E45 /* Sources */ = {
			isa = PBXSourcesBuildPhase;
			buildActionMask = 2147483647;
			files = (
				3BC6332E2BE7D60E001E2FCC /* AudioManager.swift in Sources */,
				3B46D2D52AA8E82C00272E45 /* ViewController.swift in Sources */,
				3B3EEC9D2BE7EE6B00453852 /* CaptureManager.swift in Sources */,
				3B46D2D12AA8E82C00272E45 /* AppDelegate.swift in Sources */,
				3B46D2D32AA8E82C00272E45 /* SceneDelegate.swift in Sources */,
			);
			runOnlyForDeploymentPostprocessing = 0;
		};
/* End PBXSourcesBuildPhase section */

/* Begin PBXVariantGroup section */
		3B46D2D62AA8E82C00272E45 /* Main.storyboard */ = {
			isa = PBXVariantGroup;
			children = (
				3B46D2D72AA8E82C00272E45 /* Base */,
			);
			name = Main.storyboard;
			sourceTree = "<group>";
		};
		3B46D2DB2AA8E82D00272E45 /* LaunchScreen.storyboard */ = {
			isa = PBXVariantGroup;
			children = (
				3B46D2DC2AA8E82D00272E45 /* Base */,
			);
			name = LaunchScreen.storyboard;
			sourceTree = "<group>";
		};
/* End PBXVariantGroup section */

/* Begin XCBuildConfiguration section */
		3B46D2F52AA8E82D00272E45 /* Debug */ = {
			isa = XCBuildConfiguration;
			buildSettings = {
				ALWAYS_SEARCH_USER_PATHS = NO;
				ASSETCATALOG_COMPILER_GENERATE_SWIFT_ASSET_SYMBOL_EXTENSIONS = YES;
				CLANG_ANALYZER_NONNULL = YES;
				CLANG_ANALYZER_NUMBER_OBJECT_CONVERSION = YES_AGGRESSIVE;
				CLANG_CXX_LANGUAGE_STANDARD = "gnu++20";
				CLANG_ENABLE_MODULES = YES;
				CLANG_ENABLE_OBJC_ARC = YES;
				CLANG_ENABLE_OBJC_WEAK = YES;
				CLANG_WARN_BLOCK_CAPTURE_AUTORELEASING = YES;
				CLANG_WARN_BOOL_CONVERSION = YES;
				CLANG_WARN_COMMA = YES;
				CLANG_WARN_CONSTANT_CONVERSION = YES;
				CLANG_WARN_DEPRECATED_OBJC_IMPLEMENTATIONS = YES;
				CLANG_WARN_DIRECT_OBJC_ISA_USAGE = YES_ERROR;
				CLANG_WARN_DOCUMENTATION_COMMENTS = YES;
				CLANG_WARN_EMPTY_BODY = YES;
				CLANG_WARN_ENUM_CONVERSION = YES;
				CLANG_WARN_INFINITE_RECURSION = YES;
				CLANG_WARN_INT_CONVERSION = YES;
				CLANG_WARN_NON_LITERAL_NULL_CONVERSION = YES;
				CLANG_WARN_OBJC_IMPLICIT_RETAIN_SELF = YES;
				CLANG_WARN_OBJC_LITERAL_CONVERSION = YES;
				CLANG_WARN_OBJC_ROOT_CLASS = YES_ERROR;
				CLANG_WARN_QUOTED_INCLUDE_IN_FRAMEWORK_HEADER = YES;
				CLANG_WARN_RANGE_LOOP_ANALYSIS = YES;
				CLANG_WARN_STRICT_PROTOTYPES = YES;
				CLANG_WARN_SUSPICIOUS_MOVE = YES;
				CLANG_WARN_UNGUARDED_AVAILABILITY = YES_AGGRESSIVE;
				CLANG_WARN_UNREACHABLE_CODE = YES;
				CLANG_WARN__DUPLICATE_METHOD_MATCH = YES;
				COPY_PHASE_STRIP = NO;
				DEBUG_INFORMATION_FORMAT = dwarf;
				DEVELOPMENT_TEAM = V2F5S52T3Q;
				ENABLE_STRICT_OBJC_MSGSEND = YES;
				ENABLE_TESTABILITY = YES;
				ENABLE_USER_SCRIPT_SANDBOXING = YES;
				GCC_C_LANGUAGE_STANDARD = gnu17;
				GCC_DYNAMIC_NO_PIC = NO;
				GCC_NO_COMMON_BLOCKS = YES;
				GCC_OPTIMIZATION_LEVEL = 0;
				GCC_PREPROCESSOR_DEFINITIONS = (
					"DEBUG=1",
					"$(inherited)",
				);
				GCC_WARN_64_TO_32_BIT_CONVERSION = YES;
				GCC_WARN_ABOUT_RETURN_TYPE = YES_ERROR;
				GCC_WARN_UNDECLARED_SELECTOR = YES;
				GCC_WARN_UNINITIALIZED_AUTOS = YES_AGGRESSIVE;
				GCC_WARN_UNUSED_FUNCTION = YES;
				GCC_WARN_UNUSED_VARIABLE = YES;
				IPHONEOS_DEPLOYMENT_TARGET = 17.0;
				LOCALIZATION_PREFERS_STRING_CATALOGS = YES;
				MTL_ENABLE_DEBUG_INFO = INCLUDE_SOURCE;
				MTL_FAST_MATH = YES;
				ONLY_ACTIVE_ARCH = YES;
				SDKROOT = iphoneos;
				SWIFT_ACTIVE_COMPILATION_CONDITIONS = "DEBUG $(inherited)";
				SWIFT_OPTIMIZATION_LEVEL = "-Onone";
			};
			name = Debug;
		};
		3B46D2F62AA8E82D00272E45 /* Release */ = {
			isa = XCBuildConfiguration;
			buildSettings = {
				ALWAYS_SEARCH_USER_PATHS = NO;
				ASSETCATALOG_COMPILER_GENERATE_SWIFT_ASSET_SYMBOL_EXTENSIONS = YES;
				CLANG_ANALYZER_NONNULL = YES;
				CLANG_ANALYZER_NUMBER_OBJECT_CONVERSION = YES_AGGRESSIVE;
				CLANG_CXX_LANGUAGE_STANDARD = "gnu++20";
				CLANG_ENABLE_MODULES = YES;
				CLANG_ENABLE_OBJC_ARC = YES;
				CLANG_ENABLE_OBJC_WEAK = YES;
				CLANG_WARN_BLOCK_CAPTURE_AUTORELEASING = YES;
				CLANG_WARN_BOOL_CONVERSION = YES;
				CLANG_WARN_COMMA = YES;
				CLANG_WARN_CONSTANT_CONVERSION = YES;
				CLANG_WARN_DEPRECATED_OBJC_IMPLEMENTATIONS = YES;
				CLANG_WARN_DIRECT_OBJC_ISA_USAGE = YES_ERROR;
				CLANG_WARN_DOCUMENTATION_COMMENTS = YES;
				CLANG_WARN_EMPTY_BODY = YES;
				CLANG_WARN_ENUM_CONVERSION = YES;
				CLANG_WARN_INFINITE_RECURSION = YES;
				CLANG_WARN_INT_CONVERSION = YES;
				CLANG_WARN_NON_LITERAL_NULL_CONVERSION = YES;
				CLANG_WARN_OBJC_IMPLICIT_RETAIN_SELF = YES;
				CLANG_WARN_OBJC_LITERAL_CONVERSION = YES;
				CLANG_WARN_OBJC_ROOT_CLASS = YES_ERROR;
				CLANG_WARN_QUOTED_INCLUDE_IN_FRAMEWORK_HEADER = YES;
				CLANG_WARN_RANGE_LOOP_ANALYSIS = YES;
				CLANG_WARN_STRICT_PROTOTYPES = YES;
				CLANG_WARN_SUSPICIOUS_MOVE = YES;
				CLANG_WARN_UNGUARDED_AVAILABILITY = YES_AGGRESSIVE;
				CLANG_WARN_UNREACHABLE_CODE = YES;
				CLANG_WARN__DUPLICATE_METHOD_MATCH = YES;
				COPY_PHASE_STRIP = NO;
				DEBUG_INFORMATION_FORMAT = "dwarf-with-dsym";
				DEVELOPMENT_TEAM = V2F5S52T3Q;
				ENABLE_NS_ASSERTIONS = NO;
				ENABLE_STRICT_OBJC_MSGSEND = YES;
				ENABLE_USER_SCRIPT_SANDBOXING = YES;
				GCC_C_LANGUAGE_STANDARD = gnu17;
				GCC_NO_COMMON_BLOCKS = YES;
				GCC_WARN_64_TO_32_BIT_CONVERSION = YES;
				GCC_WARN_ABOUT_RETURN_TYPE = YES_ERROR;
				GCC_WARN_UNDECLARED_SELECTOR = YES;
				GCC_WARN_UNINITIALIZED_AUTOS = YES_AGGRESSIVE;
				GCC_WARN_UNUSED_FUNCTION = YES;
				GCC_WARN_UNUSED_VARIABLE = YES;
				IPHONEOS_DEPLOYMENT_TARGET = 17.0;
				LOCALIZATION_PREFERS_STRING_CATALOGS = YES;
				MTL_ENABLE_DEBUG_INFO = NO;
				MTL_FAST_MATH = YES;
				SDKROOT = iphoneos;
				SWIFT_COMPILATION_MODE = wholemodule;
				VALIDATE_PRODUCT = YES;
			};
			name = Release;
		};
		3B46D2F82AA8E82D00272E45 /* Debug */ = {
			isa = XCBuildConfiguration;
			buildSettings = {
				ASSETCATALOG_COMPILER_APPICON_NAME = AppIcon;
				ASSETCATALOG_COMPILER_GLOBAL_ACCENT_COLOR_NAME = AccentColor;
				CODE_SIGN_ENTITLEMENTS = Dongled/Dongled.entitlements;
				CODE_SIGN_STYLE = Automatic;
				CURRENT_PROJECT_VERSION = 26;
				GENERATE_INFOPLIST_FILE = YES;
				INFOPLIST_FILE = Dongled/Info.plist;
				INFOPLIST_KEY_LSApplicationCategoryType = "public.app-category.utilities";
				INFOPLIST_KEY_NSCameraUsageDescription = "Required to Access External Video Devices";
				INFOPLIST_KEY_UIApplicationSupportsIndirectInputEvents = YES;
				INFOPLIST_KEY_UILaunchStoryboardName = LaunchScreen;
				INFOPLIST_KEY_UIMainStoryboardFile = Main;
				INFOPLIST_KEY_UIRequiresFullScreen = YES;
				INFOPLIST_KEY_UISupportedInterfaceOrientations = "UIInterfaceOrientationLandscapeLeft UIInterfaceOrientationLandscapeRight UIInterfaceOrientationPortrait";
				INFOPLIST_KEY_UISupportedInterfaceOrientations_iPad = "UIInterfaceOrientationLandscapeLeft UIInterfaceOrientationLandscapeRight";
				LD_RUNPATH_SEARCH_PATHS = (
					"$(inherited)",
					"@executable_path/Frameworks",
				);
				MARKETING_VERSION = 1.4.0;
				PRODUCT_BUNDLE_IDENTIFIER = com.oddforms.dongled;
				PRODUCT_NAME = "$(TARGET_NAME)";
				SUPPORTED_PLATFORMS = "iphoneos iphonesimulator";
				SUPPORTS_MACCATALYST = NO;
				SUPPORTS_MAC_DESIGNED_FOR_IPHONE_IPAD = YES;
				SUPPORTS_XR_DESIGNED_FOR_IPHONE_IPAD = NO;
				SWIFT_EMIT_LOC_STRINGS = YES;
				SWIFT_VERSION = 5.0;
				TARGETED_DEVICE_FAMILY = 2;
			};
			name = Debug;
		};
		3B46D2F92AA8E82D00272E45 /* Release */ = {
			isa = XCBuildConfiguration;
			buildSettings = {
				ASSETCATALOG_COMPILER_APPICON_NAME = AppIcon;
				ASSETCATALOG_COMPILER_GLOBAL_ACCENT_COLOR_NAME = AccentColor;
				CODE_SIGN_ENTITLEMENTS = Dongled/Dongled.entitlements;
				CODE_SIGN_IDENTITY = "Apple Development";
				CODE_SIGN_STYLE = Automatic;
				CURRENT_PROJECT_VERSION = 26;
				DEVELOPMENT_TEAM = V2F5S52T3Q;
				GENERATE_INFOPLIST_FILE = YES;
				INFOPLIST_FILE = Dongled/Info.plist;
				INFOPLIST_KEY_LSApplicationCategoryType = "public.app-category.utilities";
				INFOPLIST_KEY_NSCameraUsageDescription = "Required to Access External Video Devices";
				INFOPLIST_KEY_UIApplicationSupportsIndirectInputEvents = YES;
				INFOPLIST_KEY_UILaunchStoryboardName = LaunchScreen;
				INFOPLIST_KEY_UIMainStoryboardFile = Main;
				INFOPLIST_KEY_UIRequiresFullScreen = YES;
				INFOPLIST_KEY_UISupportedInterfaceOrientations = "UIInterfaceOrientationLandscapeLeft UIInterfaceOrientationLandscapeRight UIInterfaceOrientationPortrait";
				INFOPLIST_KEY_UISupportedInterfaceOrientations_iPad = "UIInterfaceOrientationLandscapeLeft UIInterfaceOrientationLandscapeRight";
				LD_RUNPATH_SEARCH_PATHS = (
					"$(inherited)",
					"@executable_path/Frameworks",
				);
				MARKETING_VERSION = 1.4.0;
				PRODUCT_BUNDLE_IDENTIFIER = com.oddforms.dongled;
				PRODUCT_NAME = "$(TARGET_NAME)";
				PROVISIONING_PROFILE_SPECIFIER = "";
				SUPPORTED_PLATFORMS = "iphoneos iphonesimulator";
				SUPPORTS_MACCATALYST = NO;
				SUPPORTS_MAC_DESIGNED_FOR_IPHONE_IPAD = YES;
				SUPPORTS_XR_DESIGNED_FOR_IPHONE_IPAD = NO;
				SWIFT_EMIT_LOC_STRINGS = YES;
				SWIFT_VERSION = 5.0;
				TARGETED_DEVICE_FAMILY = 2;
			};
			name = Release;
		};
/* End XCBuildConfiguration section */

/* Begin XCConfigurationList section */
		3B46D2C82AA8E82C00272E45 /* Build configuration list for PBXProject "Dongled" */ = {
			isa = XCConfigurationList;
			buildConfigurations = (
				3B46D2F52AA8E82D00272E45 /* Debug */,
				3B46D2F62AA8E82D00272E45 /* Release */,
			);
			defaultConfigurationIsVisible = 0;
			defaultConfigurationName = Release;
		};
		3B46D2F72AA8E82D00272E45 /* Build configuration list for PBXNativeTarget "Dongled" */ = {
			isa = XCConfigurationList;
			buildConfigurations = (
				3B46D2F82AA8E82D00272E45 /* Debug */,
				3B46D2F92AA8E82D00272E45 /* Release */,
			);
			defaultConfigurationIsVisible = 0;
			defaultConfigurationName = Release;
		};
/* End XCConfigurationList section */
	};
	rootObject = 3B46D2C52AA8E82C00272E45 /* Project object */;
}
